
Microsoft Visual Studio Solution File, Format Version 12.00
# Visual Studio Version 17
VisualStudioVersion = 17.6.33829.357
MinimumVisualStudioVersion = 10.0.40219.1
Project("{FAE04EC0-301F-11D3-BF4B-00C04F79EFBC}") = "LabelPrinter", "LabelPrinter\LabelPrinter.csproj", "{18590225-DCB8-43D2-B3F3-2C8DD84FEA9F}"
EndProject
Global
	GlobalSection(SolutionConfigurationPlatforms) = preSolution
		Debug|Any CPU = Debug|Any CPU
		Release|Any CPU = Release|Any CPU
	EndGlobalSection
	GlobalSection(ProjectConfigurationPlatforms) = postSolution
		{18590225-DCB8-43D2-B3F3-2C8DD84FEA9F}.Debug|Any CPU.ActiveCfg = Debug|Any CPU
		{18590225-DCB8-43D2-B3F3-2C8DD84FEA9F}.Debug|Any CPU.Build.0 = Debug|Any CPU
		{18590225-DCB8-43D2-B3F3-2C8DD84FEA9F}.Release|Any CPU.ActiveCfg = Release|Any CPU
		{18590225-DCB8-43D2-B3F3-2C8DD84FEA9F}.Release|Any CPU.Build.0 = Release|Any CPU
	EndGlobalSection
	GlobalSection(SolutionProperties) = preSolution
		HideSolutionNode = FALSE
	EndGlobalSection
	GlobalSection(ExtensibilityGlobals) = postSolution
		SolutionGuid = {763247FE-208F-46B0-ADD1-DF6A87D71A8F}
	EndGlobalSection
EndGlobal
